// !$*UTF8*$!
{
	archiveVersion = 1;
	classes = {
	};
	objectVersion = 46;
	objects = {

/* Begin PBXBuildFile section */
		EF588A5C1AE99E74003AE984 /* AppDelegate.swift in Sources */ = {isa = PBXBuildFile; fileRef = EF588A5B1AE99E74003AE984 /* AppDelegate.swift */; };
		EF588A5E1AE99E74003AE984 /* ViewController.swift in Sources */ = {isa = PBXBuildFile; fileRef = EF588A5D1AE99E74003AE984 /* ViewController.swift */; };
		EF588A611AE99E74003AE984 /* Main.storyboard in Resources */ = {isa = PBXBuildFile; fileRef = EF588A5F1AE99E74003AE984 /* Main.storyboard */; };
		EF588A631AE99E74003AE984 /* Images.xcassets in Resources */ = {isa = PBXBuildFile; fileRef = EF588A621AE99E74003AE984 /* Images.xcassets */; };
		EF588A661AE99E74003AE984 /* LaunchScreen.xib in Resources */ = {isa = PBXBuildFile; fileRef = EF588A641AE99E74003AE984 /* LaunchScreen.xib */; };
		EF588A721AE99E74003AE984 /* Samuel_LaskaTests.swift in Sources */ = {isa = PBXBuildFile; fileRef = EF588A711AE99E74003AE984 /* Samuel_LaskaTests.swift */; };
/* End PBXBuildFile section */

/* Begin PBXContainerItemProxy section */
		EF588A6C1AE99E74003AE984 /* PBXContainerItemProxy */ = {
			isa = PBXContainerItemProxy;
			containerPortal = EF588A4E1AE99E74003AE984 /* Project object */;
			proxyType = 1;
			remoteGlobalIDString = EF588A551AE99E74003AE984;
			remoteInfo = "Samuel Laska";
		};
/* End PBXContainerItemProxy section */

/* Begin PBXFileReference section */
		EF588A561AE99E74003AE984 /* Samuel Laska.app */ = {isa = PBXFileReference; explicitFileType = wrapper.application; includeInIndex = 0; path = "Samuel Laska.app"; sourceTree = BUILT_PRODUCTS_DIR; };
		EF588A5A1AE99E74003AE984 /* Info.plist */ = {isa = PBXFileReference; lastKnownFileType = text.plist.xml; path = Info.plist; sourceTree = "<group>"; };
		EF588A5B1AE99E74003AE984 /* AppDelegate.swift */ = {isa = PBXFileReference; lastKnownFileType = sourcecode.swift; path = AppDelegate.swift; sourceTree = "<group>"; };
		EF588A5D1AE99E74003AE984 /* ViewController.swift */ = {isa = PBXFileReference; lastKnownFileType = sourcecode.swift; path = ViewController.swift; sourceTree = "<group>"; };
		EF588A601AE99E74003AE984 /* Base */ = {isa = PBXFileReference; lastKnownFileType = file.storyboard; name = Base; path = Base.lproj/Main.storyboard; sourceTree = "<group>"; };
		EF588A621AE99E74003AE984 /* Images.xcassets */ = {isa = PBXFileReference; lastKnownFileType = folder.assetcatalog; path = Images.xcassets; sourceTree = "<group>"; };
		EF588A651AE99E74003AE984 /* Base */ = {isa = PBXFileReference; lastKnownFileType = file.xib; name = Base; path = Base.lproj/LaunchScreen.xib; sourceTree = "<group>"; };
		EF588A6B1AE99E74003AE984 /* Samuel LaskaTests.xctest */ = {isa = PBXFileReference; explicitFileType = wrapper.cfbundle; includeInIndex = 0; path = "Samuel LaskaTests.xctest"; sourceTree = BUILT_PRODUCTS_DIR; };
		EF588A701AE99E74003AE984 /* Info.plist */ = {isa = PBXFileReference; lastKnownFileType = text.plist.xml; path = Info.plist; sourceTree = "<group>"; };
		EF588A711AE99E74003AE984 /* Samuel_LaskaTests.swift */ = {isa = PBXFileReference; lastKnownFileType = sourcecode.swift; path = Samuel_LaskaTests.swift; sourceTree = "<group>"; };
/* End PBXFileReference section */

/* Begin PBXFrameworksBuildPhase section */
		EF588A531AE99E74003AE984 /* Frameworks */ = {
			isa = PBXFrameworksBuildPhase;
			buildActionMask = 2147483647;
			files = (
			);
			runOnlyForDeploymentPostprocessing = 0;
		};
		EF588A681AE99E74003AE984 /* Frameworks */ = {
			isa = PBXFrameworksBuildPhase;
			buildActionMask = 2147483647;
			files = (
			);
			runOnlyForDeploymentPostprocessing = 0;
		};
/* End PBXFrameworksBuildPhase section */

/* Begin PBXGroup section */
		EF588A4D1AE99E74003AE984 = {
			isa = PBXGroup;
			children = (
				EF588A581AE99E74003AE984 /* Samuel Laska */,
				EF588A6E1AE99E74003AE984 /* Samuel LaskaTests */,
				EF588A571AE99E74003AE984 /* Products */,
			);
			sourceTree = "<group>";
		};
		EF588A571AE99E74003AE984 /* Products */ = {
			isa = PBXGroup;
			children = (
				EF588A561AE99E74003AE984 /* Samuel Laska.app */,
				EF588A6B1AE99E74003AE984 /* Samuel LaskaTests.xctest */,
			);
			name = Products;
			sourceTree = "<group>";
		};
		EF588A581AE99E74003AE984 /* Samuel Laska */ = {
			isa = PBXGroup;
			children = (
				EF588A5B1AE99E74003AE984 /* AppDelegate.swift */,
				EF588A5D1AE99E74003AE984 /* ViewController.swift */,
				EF588A5F1AE99E74003AE984 /* Main.storyboard */,
				EF588A621AE99E74003AE984 /* Images.xcassets */,
				EF588A641AE99E74003AE984 /* LaunchScreen.xib */,
				EF588A591AE99E74003AE984 /* Supporting Files */,
			);
			path = "Samuel Laska";
			sourceTree = "<group>";
		};
		EF588A591AE99E74003AE984 /* Supporting Files */ = {
			isa = PBXGroup;
			children = (
				EF588A5A1AE99E74003AE984 /* Info.plist */,
			);
			name = "Supporting Files";
			sourceTree = "<group>";
		};
		EF588A6E1AE99E74003AE984 /* Samuel LaskaTests */ = {
			isa = PBXGroup;
			children = (
				EF588A711AE99E74003AE984 /* Samuel_LaskaTests.swift */,
				EF588A6F1AE99E74003AE984 /* Supporting Files */,
			);
			path = "Samuel LaskaTests";
			sourceTree = "<group>";
		};
		EF588A6F1AE99E74003AE984 /* Supporting Files */ = {
			isa = PBXGroup;
			children = (
				EF588A701AE99E74003AE984 /* Info.plist */,
			);
			name = "Supporting Files";
			sourceTree = "<group>";
		};
/* End PBXGroup section */

/* Begin PBXNativeTarget section */
		EF588A551AE99E74003AE984 /* Samuel Laska */ = {
			isa = PBXNativeTarget;
			buildConfigurationList = EF588A751AE99E74003AE984 /* Build configuration list for PBXNativeTarget "Samuel Laska" */;
			buildPhases = (
				EF588A521AE99E74003AE984 /* Sources */,
				EF588A531AE99E74003AE984 /* Frameworks */,
				EF588A541AE99E74003AE984 /* Resources */,
			);
			buildRules = (
			);
			dependencies = (
			);
			name = "Samuel Laska";
			productName = "Samuel Laska";
			productReference = EF588A561AE99E74003AE984 /* Samuel Laska.app */;
			productType = "com.apple.product-type.application";
		};
		EF588A6A1AE99E74003AE984 /* Samuel LaskaTests */ = {
			isa = PBXNativeTarget;
			buildConfigurationList = EF588A781AE99E74003AE984 /* Build configuration list for PBXNativeTarget "Samuel LaskaTests" */;
			buildPhases = (
				EF588A671AE99E74003AE984 /* Sources */,
				EF588A681AE99E74003AE984 /* Frameworks */,
				EF588A691AE99E74003AE984 /* Resources */,
			);
			buildRules = (
			);
			dependencies = (
				EF588A6D1AE99E74003AE984 /* PBXTargetDependency */,
			);
			name = "Samuel LaskaTests";
			productName = "Samuel LaskaTests";
			productReference = EF588A6B1AE99E74003AE984 /* Samuel LaskaTests.xctest */;
			productType = "com.apple.product-type.bundle.unit-test";
		};
/* End PBXNativeTarget section */

/* Begin PBXProject section */
		EF588A4E1AE99E74003AE984 /* Project object */ = {
			isa = PBXProject;
			attributes = {
				LastUpgradeCheck = 0630;
				ORGANIZATIONNAME = "Samuel Laska";
				TargetAttributes = {
					EF588A551AE99E74003AE984 = {
						CreatedOnToolsVersion = 6.3;
					};
					EF588A6A1AE99E74003AE984 = {
						CreatedOnToolsVersion = 6.3;
						TestTargetID = EF588A551AE99E74003AE984;
					};
				};
			};
			buildConfigurationList = EF588A511AE99E74003AE984 /* Build configuration list for PBXProject "Samuel Laska" */;
			compatibilityVersion = "Xcode 3.2";
			developmentRegion = English;
			hasScannedForEncodings = 0;
			knownRegions = (
				en,
				Base,
			);
			mainGroup = EF588A4D1AE99E74003AE984;
			productRefGroup = EF588A571AE99E74003AE984 /* Products */;
			projectDirPath = "";
			projectRoot = "";
			targets = (
				EF588A551AE99E74003AE984 /* Samuel Laska */,
				EF588A6A1AE99E74003AE984 /* Samuel LaskaTests */,
			);
		};
/* End PBXProject section */

/* Begin PBXResourcesBuildPhase section */
		EF588A541AE99E74003AE984 /* Resources */ = {
			isa = PBXResourcesBuildPhase;
			buildActionMask = 2147483647;
			files = (
				EF588A611AE99E74003AE984 /* Main.storyboard in Resources */,
				EF588A661AE99E74003AE984 /* LaunchScreen.xib in Resources */,
				EF588A631AE99E74003AE984 /* Images.xcassets in Resources */,
			);
			runOnlyForDeploymentPostprocessing = 0;
		};
		EF588A691AE99E74003AE984 /* Resources */ = {
			isa = PBXResourcesBuildPhase;
			buildActionMask = 2147483647;
			files = (
			);
			runOnlyForDeploymentPostprocessing = 0;
		};
/* End PBXResourcesBuildPhase section */

/* Begin PBXSourcesBuildPhase section */
		EF588A521AE99E74003AE984 /* Sources */ = {
			isa = PBXSourcesBuildPhase;
			buildActionMask = 2147483647;
			files = (
				EF588A5E1AE99E74003AE984 /* ViewController.swift in Sources */,
				EF588A5C1AE99E74003AE984 /* AppDelegate.swift in Sources */,
			);
			runOnlyForDeploymentPostprocessing = 0;
		};
		EF588A671AE99E74003AE984 /* Sources */ = {
			isa = PBXSourcesBuildPhase;
			buildActionMask = 2147483647;
			files = (
				EF588A721AE99E74003AE984 /* Samuel_LaskaTests.swift in Sources */,
			);
			runOnlyForDeploymentPostprocessing = 0;
		};
/* End PBXSourcesBuildPhase section */

/* Begin PBXTargetDependency section */
		EF588A6D1AE99E74003AE984 /* PBXTargetDependency */ = {
			isa = PBXTargetDependency;
			target = EF588A551AE99E74003AE984 /* Samuel Laska */;
			targetProxy = EF588A6C1AE99E74003AE984 /* PBXContainerItemProxy */;
		};
/* End PBXTargetDependency section */

/* Begin PBXVariantGroup section */
		EF588A5F1AE99E74003AE984 /* Main.storyboard */ = {
			isa = PBXVariantGroup;
			children = (
				EF588A601AE99E74003AE984 /* Base */,
			);
			name = Main.storyboard;
			sourceTree = "<group>";
		};
		EF588A641AE99E74003AE984 /* LaunchScreen.xib */ = {
			isa = PBXVariantGroup;
			children = (
				EF588A651AE99E74003AE984 /* Base */,
			);
			name = LaunchScreen.xib;
			sourceTree = "<group>";
		};
/* End PBXVariantGroup section */

/* Begin XCBuildConfiguration section */
		EF588A731AE99E74003AE984 /* Debug */ = {
			isa = XCBuildConfiguration;
			buildSettings = {
				ALWAYS_SEARCH_USER_PATHS = NO;
				CLANG_CXX_LANGUAGE_STANDARD = "gnu++0x";
				CLANG_CXX_LIBRARY = "libc++";
				CLANG_ENABLE_MODULES = YES;
				CLANG_ENABLE_OBJC_ARC = YES;
				CLANG_WARN_BOOL_CONVERSION = YES;
				CLANG_WARN_CONSTANT_CONVERSION = YES;
				CLANG_WARN_DIRECT_OBJC_ISA_USAGE = YES_ERROR;
				CLANG_WARN_EMPTY_BODY = YES;
				CLANG_WARN_ENUM_CONVERSION = YES;
				CLANG_WARN_INT_CONVERSION = YES;
				CLANG_WARN_OBJC_ROOT_CLASS = YES_ERROR;
				CLANG_WARN_UNREACHABLE_CODE = YES;
				CLANG_WARN__DUPLICATE_METHOD_MATCH = YES;
				"CODE_SIGN_IDENTITY[sdk=iphoneos*]" = "iPhone Developer";
				COPY_PHASE_STRIP = NO;
				DEBUG_INFORMATION_FORMAT = "dwarf-with-dsym";
				ENABLE_STRICT_OBJC_MSGSEND = YES;
				GCC_C_LANGUAGE_STANDARD = gnu99;
				GCC_DYNAMIC_NO_PIC = NO;
				GCC_NO_COMMON_BLOCKS = YES;
				GCC_OPTIMIZATION_LEVEL = 0;
				GCC_PREPROCESSOR_DEFINITIONS = (
					"DEBUG=1",
					"$(inherited)",
				);
				GCC_SYMBOLS_PRIVATE_EXTERN = NO;
				GCC_WARN_64_TO_32_BIT_CONVERSION = YES;
				GCC_WARN_ABOUT_RETURN_TYPE = YES_ERROR;
				GCC_WARN_UNDECLARED_SELECTOR = YES;
				GCC_WARN_UNINITIALIZED_AUTOS = YES_AGGRESSIVE;
				GCC_WARN_UNUSED_FUNCTION = YES;
				GCC_WARN_UNUSED_VARIABLE = YES;
				IPHONEOS_DEPLOYMENT_TARGET = 8.3;
				MTL_ENABLE_DEBUG_INFO = YES;
				ONLY_ACTIVE_ARCH = YES;
				SDKROOT = iphoneos;
				SWIFT_OPTIMIZATION_LEVEL = "-Onone";
			};
			name = Debug;
		};
		EF588A741AE99E74003AE984 /* Release */ = {
			isa = XCBuildConfiguration;
			buildSettings = {
				ALWAYS_SEARCH_USER_PATHS = NO;
				CLANG_CXX_LANGUAGE_STANDARD = "gnu++0x";
				CLANG_CXX_LIBRARY = "libc++";
				CLANG_ENABLE_MODULES = YES;
				CLANG_ENABLE_OBJC_ARC = YES;
				CLANG_WARN_BOOL_CONVERSION = YES;
				CLANG_WARN_CONSTANT_CONVERSION = YES;
				CLANG_WARN_DIRECT_OBJC_ISA_USAGE = YES_ERROR;
				CLANG_WARN_EMPTY_BODY = YES;
				CLANG_WARN_ENUM_CONVERSION = YES;
				CLANG_WARN_INT_CONVERSION = YES;
				CLANG_WARN_OBJC_ROOT_CLASS = YES_ERROR;
				CLANG_WARN_UNREACHABLE_CODE = YES;
				CLANG_WARN__DUPLICATE_METHOD_MATCH = YES;
				"CODE_SIGN_IDENTITY[sdk=iphoneos*]" = "iPhone Developer";
				COPY_PHASE_STRIP = NO;
				DEBUG_INFORMATION_FORMAT = "dwarf-with-dsym";
				ENABLE_NS_ASSERTIONS = NO;
				ENABLE_STRICT_OBJC_MSGSEND = YES;
				GCC_C_LANGUAGE_STANDARD = gnu99;
				GCC_NO_COMMON_BLOCKS = YES;
				GCC_WARN_64_TO_32_BIT_CONVERSION = YES;
				GCC_WARN_ABOUT_RETURN_TYPE = YES_ERROR;
				GCC_WARN_UNDECLARED_SELECTOR = YES;
				GCC_WARN_UNINITIALIZED_AUTOS = YES_AGGRESSIVE;
				GCC_WARN_UNUSED_FUNCTION = YES;
				GCC_WARN_UNUSED_VARIABLE = YES;
				IPHONEOS_DEPLOYMENT_TARGET = 8.3;
				MTL_ENABLE_DEBUG_INFO = NO;
				SDKROOT = iphoneos;
				VALIDATE_PRODUCT = YES;
			};
			name = Release;
		};
		EF588A761AE99E74003AE984 /* Debug */ = {
			isa = XCBuildConfiguration;
			buildSettings = {
				ASSETCATALOG_COMPILER_APPICON_NAME = AppIcon;
				INFOPLIST_FILE = "Samuel Laska/Info.plist";
				LD_RUNPATH_SEARCH_PATHS = "$(inherited) @executable_path/Frameworks";
				PRODUCT_NAME = "$(TARGET_NAME)";
			};
			name = Debug;
		};
		EF588A771AE99E74003AE984 /* Release */ = {
			isa = XCBuildConfiguration;
			buildSettings = {
				ASSETCATALOG_COMPILER_APPICON_NAME = AppIcon;
				INFOPLIST_FILE = "Samuel Laska/Info.plist";
				LD_RUNPATH_SEARCH_PATHS = "$(inherited) @executable_path/Frameworks";
				PRODUCT_NAME = "$(TARGET_NAME)";
			};
			name = Release;
		};
		EF588A791AE99E74003AE984 /* Debug */ = {
			isa = XCBuildConfiguration;
			buildSettings = {
				BUNDLE_LOADER = "$(TEST_HOST)";
				FRAMEWORK_SEARCH_PATHS = (
					"$(SDKROOT)/Developer/Library/Frameworks",
					"$(inherited)",
				);
				GCC_PREPROCESSOR_DEFINITIONS = (
					"DEBUG=1",
					"$(inherited)",
				);
				INFOPLIST_FILE = "Samuel LaskaTests/Info.plist";
				LD_RUNPATH_SEARCH_PATHS = "$(inherited) @executable_path/Frameworks @loader_path/Frameworks";
				PRODUCT_NAME = "$(TARGET_NAME)";
				TEST_HOST = "$(BUILT_PRODUCTS_DIR)/Samuel Laska.app/Samuel Laska";
			};
			name = Debug;
		};
		EF588A7A1AE99E74003AE984 /* Release */ = {
			isa = XCBuildConfiguration;
			buildSettings = {
				BUNDLE_LOADER = "$(TEST_HOST)";
				FRAMEWORK_SEARCH_PATHS = (
					"$(SDKROOT)/Developer/Library/Frameworks",
					"$(inherited)",
				);
				INFOPLIST_FILE = "Samuel LaskaTests/Info.plist";
				LD_RUNPATH_SEARCH_PATHS = "$(inherited) @executable_path/Frameworks @loader_path/Frameworks";
				PRODUCT_NAME = "$(TARGET_NAME)";
				TEST_HOST = "$(BUILT_PRODUCTS_DIR)/Samuel Laska.app/Samuel Laska";
			};
			name = Release;
		};
/* End XCBuildConfiguration section */

/* Begin XCConfigurationList section */
		EF588A511AE99E74003AE984 /* Build configuration list for PBXProject "Samuel Laska" */ = {
			isa = XCConfigurationList;
			buildConfigurations = (
				EF588A731AE99E74003AE984 /* Debug */,
				EF588A741AE99E74003AE984 /* Release */,
			);
			defaultConfigurationIsVisible = 0;
			defaultConfigurationName = Release;
		};
		EF588A751AE99E74003AE984 /* Build configuration list for PBXNativeTarget "Samuel Laska" */ = {
			isa = XCConfigurationList;
			buildConfigurations = (
				EF588A761AE99E74003AE984 /* Debug */,
				EF588A771AE99E74003AE984 /* Release */,
			);
			defaultConfigurationIsVisible = 0;
		};
		EF588A781AE99E74003AE984 /* Build configuration list for PBXNativeTarget "Samuel LaskaTests" */ = {
			isa = XCConfigurationList;
			buildConfigurations = (
				EF588A791AE99E74003AE984 /* Debug */,
				EF588A7A1AE99E74003AE984 /* Release */,
			);
			defaultConfigurationIsVisible = 0;
		};
/* End XCConfigurationList section */
	};
	rootObject = EF588A4E1AE99E74003AE984 /* Project object */;
}
